
Microsoft Visual Studio Solution File, Format Version 12.00
# Visual Studio Version 17
VisualStudioVersion = 17.8.34408.163
MinimumVisualStudioVersion = 10.0.40219.1
Project("{C9674DCB-5085-4A16-B785-4C70DD1589BD}") = "ETL_CHATBOT_PAN", "ETL_CHATBOT_PAN\ETL_CHATBOT_PAN.dtproj", "{5646D7F9-585E-44D6-BCEC-AF3D9860253C}"
EndProject
Global
	GlobalSection(SolutionConfigurationPlatforms) = preSolution
		Development|Default = Development|Default
	EndGlobalSection
	GlobalSection(ProjectConfigurationPlatforms) = postSolution
		{5646D7F9-585E-44D6-BCEC-AF3D9860253C}.Development|Default.ActiveCfg = Development
		{5646D7F9-585E-44D6-BCEC-AF3D9860253C}.Development|Default.Build.0 = Development
	EndGlobalSection
	GlobalSection(SolutionProperties) = preSolution
		HideSolutionNode = FALSE
	EndGlobalSection
	GlobalSection(ExtensibilityGlobals) = postSolution
		SolutionGuid = {1DC26C14-8149-4D6D-95A4-DD6DC33DACE0}
	EndGlobalSection
EndGlobal
